Microsoft Visual Studio Solution File, Format Version 12.00
# Visual Studio Version 17
VisualStudioVersion = 17.5.2.0
MinimumVisualStudioVersion = 10.0.40219.1
Project("{FAE04EC0-301F-11D3-BF4B-00C04F79EFBC}") = "buddy.api", "buddy.api\buddy.api.csproj", "{5293AD37-ECFA-9AE3-D54E-1EA833287BC2}"
EndProject
Global
	GlobalSection(SolutionConfigurationPlatforms) = preSolution
		Debug|Any CPU = Debug|Any CPU
		Release|Any CPU = Release|Any CPU
	EndGlobalSection
	GlobalSection(ProjectConfigurationPlatforms) = postSolution
		{5293AD37-ECFA-9AE3-D54E-1EA833287BC2}.Debug|Any CPU.ActiveCfg = Debug|Any CPU
		{5293AD37-ECFA-9AE3-D54E-1EA833287BC2}.Debug|Any CPU.Build.0 = Debug|Any CPU
		{5293AD37-ECFA-9AE3-D54E-1EA833287BC2}.Release|Any CPU.ActiveCfg = Release|Any CPU
		{5293AD37-ECFA-9AE3-D54E-1EA833287BC2}.Release|Any CPU.Build.0 = Release|Any CPU
	EndGlobalSection
	GlobalSection(SolutionProperties) = preSolution
		HideSolutionNode = FALSE
	EndGlobalSection
	GlobalSection(ExtensibilityGlobals) = postSolution
		SolutionGuid = {C8F5E897-60E3-44E9-80D0-6FF8BD830B5F}
	EndGlobalSection
EndGlobal
